
Microsoft Visual Studio Solution File, Format Version 12.00
# Visual Studio Version 16
VisualStudioVersion = 16.0.31624.102
MinimumVisualStudioVersion = 10.0.40219.1
Project("{FAE04EC0-301F-11D3-BF4B-00C04F79EFBC}") = "SocialNetworkTest", "SocialNetwotkTest\SocialNetworkTest.csproj", "{5A4B79BC-0173-4775-AFF0-5597CF380404}"
EndProject
Project("{FAE04EC0-301F-11D3-BF4B-00C04F79EFBC}") = "SocialNetwork", "SocialNetwork\SocialNetwork.csproj", "{0AAD30A5-553E-46ED-9F90-DDAC3291A361}"
EndProject
Project("{FAE04EC0-301F-11D3-BF4B-00C04F79EFBC}") = "UISocialNetwork", "UISocialNetwork\UISocialNetwork.csproj", "{3708D927-314F-4299-8B53-F1A9BDCF6F71}"
EndProject
Global
	GlobalSection(SolutionConfigurationPlatforms) = preSolution
		Debug|Any CPU = Debug|Any CPU
		Release|Any CPU = Release|Any CPU
	EndGlobalSection
	GlobalSection(ProjectConfigurationPlatforms) = postSolution
		{5A4B79BC-0173-4775-AFF0-5597CF380404}.Debug|Any CPU.ActiveCfg = Debug|Any CPU
		{5A4B79BC-0173-4775-AFF0-5597CF380404}.Debug|Any CPU.Build.0 = Debug|Any CPU
		{5A4B79BC-0173-4775-AFF0-5597CF380404}.Release|Any CPU.ActiveCfg = Release|Any CPU
		{5A4B79BC-0173-4775-AFF0-5597CF380404}.Release|Any CPU.Build.0 = Release|Any CPU
		{0AAD30A5-553E-46ED-9F90-DDAC3291A361}.Debug|Any CPU.ActiveCfg = Debug|Any CPU
		{0AAD30A5-553E-46ED-9F90-DDAC3291A361}.Debug|Any CPU.Build.0 = Debug|Any CPU
		{0AAD30A5-553E-46ED-9F90-DDAC3291A361}.Release|Any CPU.ActiveCfg = Release|Any CPU
		{0AAD30A5-553E-46ED-9F90-DDAC3291A361}.Release|Any CPU.Build.0 = Release|Any CPU
		{3708D927-314F-4299-8B53-F1A9BDCF6F71}.Debug|Any CPU.ActiveCfg = Debug|Any CPU
		{3708D927-314F-4299-8B53-F1A9BDCF6F71}.Debug|Any CPU.Build.0 = Debug|Any CPU
		{3708D927-314F-4299-8B53-F1A9BDCF6F71}.Release|Any CPU.ActiveCfg = Release|Any CPU
		{3708D927-314F-4299-8B53-F1A9BDCF6F71}.Release|Any CPU.Build.0 = Release|Any CPU
	EndGlobalSection
	GlobalSection(SolutionProperties) = preSolution
		HideSolutionNode = FALSE
	EndGlobalSection
	GlobalSection(ExtensibilityGlobals) = postSolution
		SolutionGuid = {34CAD8A3-A690-46A2-938C-61F652667E97}
	EndGlobalSection
EndGlobal
